// !$*UTF8*$!
{
	archiveVersion = 1;
	classes = {
	};
	objectVersion = 50;
	objects = {

/* Begin PBXBuildFile section */
		ADA97812234FACFD009BF93E /* AppDelegate.swift in Sources */ = {isa = PBXBuildFile; fileRef = ADA97811234FACFD009BF93E /* AppDelegate.swift */; };
		ADA97814234FACFD009BF93E /* SceneDelegate.swift in Sources */ = {isa = PBXBuildFile; fileRef = ADA97813234FACFD009BF93E /* SceneDelegate.swift */; };
		ADA97816234FACFD009BF93E /* ViewController.swift in Sources */ = {isa = PBXBuildFile; fileRef = ADA97815234FACFD009BF93E /* ViewController.swift */; };
		ADA97819234FACFD009BF93E /* Main.storyboard in Resources */ = {isa = PBXBuildFile; fileRef = ADA97817234FACFD009BF93E /* Main.storyboard */; };
		ADA9781B234FAD01009BF93E /* Assets.xcassets in Resources */ = {isa = PBXBuildFile; fileRef = ADA9781A234FAD01009BF93E /* Assets.xcassets */; };
		ADA9781E234FAD01009BF93E /* LaunchScreen.storyboard in Resources */ = {isa = PBXBuildFile; fileRef = ADA9781C234FAD01009BF93E /* LaunchScreen.storyboard */; };
		ADA97826234FB617009BF93E /* alerts.swift in Sources */ = {isa = PBXBuildFile; fileRef = ADA97825234FB617009BF93E /* alerts.swift */; };
/* End PBXBuildFile section */

/* Begin PBXFileReference section */
		ADA9780E234FACFD009BF93E /* testeGeolocation.app */ = {isa = PBXFileReference; explicitFileType = wrapper.application; includeInIndex = 0; path = testeGeolocation.app; sourceTree = BUILT_PRODUCTS_DIR; };
		ADA97811234FACFD009BF93E /* AppDelegate.swift */ = {isa = PBXFileReference; lastKnownFileType = sourcecode.swift; path = AppDelegate.swift; sourceTree = "<group>"; };
		ADA97813234FACFD009BF93E /* SceneDelegate.swift */ = {isa = PBXFileReference; lastKnownFileType = sourcecode.swift; path = SceneDelegate.swift; sourceTree = "<group>"; };
		ADA97815234FACFD009BF93E /* ViewController.swift */ = {isa = PBXFileReference; lastKnownFileType = sourcecode.swift; path = ViewController.swift; sourceTree = "<group>"; };
		ADA97818234FACFD009BF93E /* Base */ = {isa = PBXFileReference; lastKnownFileType = file.storyboard; name = Base; path = Base.lproj/Main.storyboard; sourceTree = "<group>"; };
		ADA9781A234FAD01009BF93E /* Assets.xcassets */ = {isa = PBXFileReference; lastKnownFileType = folder.assetcatalog; path = Assets.xcassets; sourceTree = "<group>"; };
		ADA9781D234FAD01009BF93E /* Base */ = {isa = PBXFileReference; lastKnownFileType = file.storyboard; name = Base; path = Base.lproj/LaunchScreen.storyboard; sourceTree = "<group>"; };
		ADA9781F234FAD01009BF93E /* Info.plist */ = {isa = PBXFileReference; lastKnownFileType = text.plist.xml; path = Info.plist; sourceTree = "<group>"; };
		ADA97825234FB617009BF93E /* alerts.swift */ = {isa = PBXFileReference; lastKnownFileType = sourcecode.swift; path = alerts.swift; sourceTree = "<group>"; };
/* End PBXFileReference section */

/* Begin PBXFrameworksBuildPhase section */
		ADA9780B234FACFD009BF93E /* Frameworks */ = {
			isa = PBXFrameworksBuildPhase;
			buildActionMask = 2147483647;
			files = (
			);
			runOnlyForDeploymentPostprocessing = 0;
		};
/* End PBXFrameworksBuildPhase section */

/* Begin PBXGroup section */
		ADA97805234FACFD009BF93E = {
			isa = PBXGroup;
			children = (
				ADA97810234FACFD009BF93E /* testeGeolocation */,
				ADA9780F234FACFD009BF93E /* Products */,
			);
			sourceTree = "<group>";
		};
		ADA9780F234FACFD009BF93E /* Products */ = {
			isa = PBXGroup;
			children = (
				ADA9780E234FACFD009BF93E /* testeGeolocation.app */,
			);
			name = Products;
			sourceTree = "<group>";
		};
		ADA97810234FACFD009BF93E /* testeGeolocation */ = {
			isa = PBXGroup;
			children = (
				ADA97811234FACFD009BF93E /* AppDelegate.swift */,
				ADA97813234FACFD009BF93E /* SceneDelegate.swift */,
				ADA97815234FACFD009BF93E /* ViewController.swift */,
				ADA97825234FB617009BF93E /* alerts.swift */,
				ADA97817234FACFD009BF93E /* Main.storyboard */,
				ADA9781A234FAD01009BF93E /* Assets.xcassets */,
				ADA9781C234FAD01009BF93E /* LaunchScreen.storyboard */,
				ADA9781F234FAD01009BF93E /* Info.plist */,
			);
			path = testeGeolocation;
			sourceTree = "<group>";
		};
/* End PBXGroup section */

/* Begin PBXNativeTarget section */
		ADA9780D234FACFD009BF93E /* testeGeolocation */ = {
			isa = PBXNativeTarget;
			buildConfigurationList = ADA97822234FAD01009BF93E /* Build configuration list for PBXNativeTarget "testeGeolocation" */;
			buildPhases = (
				ADA9780A234FACFD009BF93E /* Sources */,
				ADA9780B234FACFD009BF93E /* Frameworks */,
				ADA9780C234FACFD009BF93E /* Resources */,
			);
			buildRules = (
			);
			dependencies = (
			);
			name = testeGeolocation;
			productName = testeGeolocation;
			productReference = ADA9780E234FACFD009BF93E /* testeGeolocation.app */;
			productType = "com.apple.product-type.application";
		};
/* End PBXNativeTarget section */

/* Begin PBXProject section */
		ADA97806234FACFD009BF93E /* Project object */ = {
			isa = PBXProject;
			attributes = {
				LastSwiftUpdateCheck = 1100;
				LastUpgradeCheck = 1100;
				ORGANIZATIONNAME = "Mateus Rodrigues Santos";
				TargetAttributes = {
					ADA9780D234FACFD009BF93E = {
						CreatedOnToolsVersion = 11.0;
					};
				};
			};
			buildConfigurationList = ADA97809234FACFD009BF93E /* Build configuration list for PBXProject "testeGeolocation" */;
			compatibilityVersion = "Xcode 9.3";
			developmentRegion = en;
			hasScannedForEncodings = 0;
			knownRegions = (
				en,
				Base,
			);
			mainGroup = ADA97805234FACFD009BF93E;
			productRefGroup = ADA9780F234FACFD009BF93E /* Products */;
			projectDirPath = "";
			projectRoot = "";
			targets = (
				ADA9780D234FACFD009BF93E /* testeGeolocation */,
			);
		};
/* End PBXProject section */

/* Begin PBXResourcesBuildPhase section */
		ADA9780C234FACFD009BF93E /* Resources */ = {
			isa = PBXResourcesBuildPhase;
			buildActionMask = 2147483647;
			files = (
				ADA9781E234FAD01009BF93E /* LaunchScreen.storyboard in Resources */,
				ADA9781B234FAD01009BF93E /* Assets.xcassets in Resources */,
				ADA97819234FACFD009BF93E /* Main.storyboard in Resources */,
			);
			runOnlyForDeploymentPostprocessing = 0;
		};
/* End PBXResourcesBuildPhase section */

/* Begin PBXSourcesBuildPhase section */
		ADA9780A234FACFD009BF93E /* Sources */ = {
			isa = PBXSourcesBuildPhase;
			buildActionMask = 2147483647;
			files = (
				ADA97816234FACFD009BF93E /* ViewController.swift in Sources */,
				ADA97812234FACFD009BF93E /* AppDelegate.swift in Sources */,
				ADA97826234FB617009BF93E /* alerts.swift in Sources */,
				ADA97814234FACFD009BF93E /* SceneDelegate.swift in Sources */,
			);
			runOnlyForDeploymentPostprocessing = 0;
		};
/* End PBXSourcesBuildPhase section */

/* Begin PBXVariantGroup section */
		ADA97817234FACFD009BF93E /* Main.storyboard */ = {
			isa = PBXVariantGroup;
			children = (
				ADA97818234FACFD009BF93E /* Base */,
			);
			name = Main.storyboard;
			sourceTree = "<group>";
		};
		ADA9781C234FAD01009BF93E /* LaunchScreen.storyboard */ = {
			isa = PBXVariantGroup;
			children = (
				ADA9781D234FAD01009BF93E /* Base */,
			);
			name = LaunchScreen.storyboard;
			sourceTree = "<group>";
		};
/* End PBXVariantGroup section */

/* Begin XCBuildConfiguration section */
		ADA97820234FAD01009BF93E /* Debug */ = {
			isa = XCBuildConfiguration;
			buildSettings = {
				ALWAYS_SEARCH_USER_PATHS = NO;
				CLANG_ANALYZER_NONNULL = YES;
				CLANG_ANALYZER_NUMBER_OBJECT_CONVERSION = YES_AGGRESSIVE;
				CLANG_CXX_LANGUAGE_STANDARD = "gnu++14";
				CLANG_CXX_LIBRARY = "libc++";
				CLANG_ENABLE_MODULES = YES;
				CLANG_ENABLE_OBJC_ARC = YES;
				CLANG_ENABLE_OBJC_WEAK = YES;
				CLANG_WARN_BLOCK_CAPTURE_AUTORELEASING = YES;
				CLANG_WARN_BOOL_CONVERSION = YES;
				CLANG_WARN_COMMA = YES;
				CLANG_WARN_CONSTANT_CONVERSION = YES;
				CLANG_WARN_DEPRECATED_OBJC_IMPLEMENTATIONS = YES;
				CLANG_WARN_DIRECT_OBJC_ISA_USAGE = YES_ERROR;
				CLANG_WARN_DOCUMENTATION_COMMENTS = YES;
				CLANG_WARN_EMPTY_BODY = YES;
				CLANG_WARN_ENUM_CONVERSION = YES;
				CLANG_WARN_INFINITE_RECURSION = YES;
				CLANG_WARN_INT_CONVERSION = YES;
				CLANG_WARN_NON_LITERAL_NULL_CONVERSION = YES;
				CLANG_WARN_OBJC_IMPLICIT_RETAIN_SELF = YES;
				CLANG_WARN_OBJC_LITERAL_CONVERSION = YES;
				CLANG_WARN_OBJC_ROOT_CLASS = YES_ERROR;
				CLANG_WARN_RANGE_LOOP_ANALYSIS = YES;
				CLANG_WARN_STRICT_PROTOTYPES = YES;
				CLANG_WARN_SUSPICIOUS_MOVE = YES;
				CLANG_WARN_UNGUARDED_AVAILABILITY = YES_AGGRESSIVE;
				CLANG_WARN_UNREACHABLE_CODE = YES;
				CLANG_WARN__DUPLICATE_METHOD_MATCH = YES;
				COPY_PHASE_STRIP = NO;
				DEBUG_INFORMATION_FORMAT = dwarf;
				ENABLE_STRICT_OBJC_MSGSEND = YES;
				ENABLE_TESTABILITY = YES;
				GCC_C_LANGUAGE_STANDARD = gnu11;
				GCC_DYNAMIC_NO_PIC = NO;
				GCC_NO_COMMON_BLOCKS = YES;
				GCC_OPTIMIZATION_LEVEL = 0;
				GCC_PREPROCESSOR_DEFINITIONS = (
					"DEBUG=1",
					"$(inherited)",
				);
				GCC_WARN_64_TO_32_BIT_CONVERSION = YES;
				GCC_WARN_ABOUT_RETURN_TYPE = YES_ERROR;
				GCC_WARN_UNDECLARED_SELECTOR = YES;
				GCC_WARN_UNINITIALIZED_AUTOS = YES_AGGRESSIVE;
				GCC_WARN_UNUSED_FUNCTION = YES;
				GCC_WARN_UNUSED_VARIABLE = YES;
				IPHONEOS_DEPLOYMENT_TARGET = 13.0;
				MTL_ENABLE_DEBUG_INFO = INCLUDE_SOURCE;
				MTL_FAST_MATH = YES;
				ONLY_ACTIVE_ARCH = YES;
				SDKROOT = iphoneos;
				SWIFT_ACTIVE_COMPILATION_CONDITIONS = DEBUG;
				SWIFT_OPTIMIZATION_LEVEL = "-Onone";
			};
			name = Debug;
		};
		ADA97821234FAD01009BF93E /* Release */ = {
			isa = XCBuildConfiguration;
			buildSettings = {
				ALWAYS_SEARCH_USER_PATHS = NO;
				CLANG_ANALYZER_NONNULL = YES;
				CLANG_ANALYZER_NUMBER_OBJECT_CONVERSION = YES_AGGRESSIVE;
				CLANG_CXX_LANGUAGE_STANDARD = "gnu++14";
				CLANG_CXX_LIBRARY = "libc++";
				CLANG_ENABLE_MODULES = YES;
				CLANG_ENABLE_OBJC_ARC = YES;
				CLANG_ENABLE_OBJC_WEAK = YES;
				CLANG_WARN_BLOCK_CAPTURE_AUTORELEASING = YES;
				CLANG_WARN_BOOL_CONVERSION = YES;
				CLANG_WARN_COMMA = YES;
				CLANG_WARN_CONSTANT_CONVERSION = YES;
				CLANG_WARN_DEPRECATED_OBJC_IMPLEMENTATIONS = YES;
				CLANG_WARN_DIRECT_OBJC_ISA_USAGE = YES_ERROR;
				CLANG_WARN_DOCUMENTATION_COMMENTS = YES;
				CLANG_WARN_EMPTY_BODY = YES;
				CLANG_WARN_ENUM_CONVERSION = YES;
				CLANG_WARN_INFINITE_RECURSION = YES;
				CLANG_WARN_INT_CONVERSION = YES;
				CLANG_WARN_NON_LITERAL_NULL_CONVERSION = YES;
				CLANG_WARN_OBJC_IMPLICIT_RETAIN_SELF = YES;
				CLANG_WARN_OBJC_LITERAL_CONVERSION = YES;
				CLANG_WARN_OBJC_ROOT_CLASS = YES_ERROR;
				CLANG_WARN_RANGE_LOOP_ANALYSIS = YES;
				CLANG_WARN_STRICT_PROTOTYPES = YES;
				CLANG_WARN_SUSPICIOUS_MOVE = YES;
				CLANG_WARN_UNGUARDED_AVAILABILITY = YES_AGGRESSIVE;
				CLANG_WARN_UNREACHABLE_CODE = YES;
				CLANG_WARN__DUPLICATE_METHOD_MATCH = YES;
				COPY_PHASE_STRIP = NO;
				DEBUG_INFORMATION_FORMAT = "dwarf-with-dsym";
				ENABLE_NS_ASSERTIONS = NO;
				ENABLE_STRICT_OBJC_MSGSEND = YES;
				GCC_C_LANGUAGE_STANDARD = gnu11;
				GCC_NO_COMMON_BLOCKS = YES;
				GCC_WARN_64_TO_32_BIT_CONVERSION = YES;
				GCC_WARN_ABOUT_RETURN_TYPE = YES_ERROR;
				GCC_WARN_UNDECLARED_SELECTOR = YES;
				GCC_WARN_UNINITIALIZED_AUTOS = YES_AGGRESSIVE;
				GCC_WARN_UNUSED_FUNCTION = YES;
				GCC_WARN_UNUSED_VARIABLE = YES;
				IPHONEOS_DEPLOYMENT_TARGET = 13.0;
				MTL_ENABLE_DEBUG_INFO = NO;
				MTL_FAST_MATH = YES;
				SDKROOT = iphoneos;
				SWIFT_COMPILATION_MODE = wholemodule;
				SWIFT_OPTIMIZATION_LEVEL = "-O";
				VALIDATE_PRODUCT = YES;
			};
			name = Release;
		};
		ADA97823234FAD01009BF93E /* Debug */ = {
			isa = XCBuildConfiguration;
			buildSettings = {
				ASSETCATALOG_COMPILER_APPICON_NAME = AppIcon;
				CODE_SIGN_STYLE = Automatic;
				DEVELOPMENT_TEAM = 7TST2X4MAG;
				INFOPLIST_FILE = testeGeolocation/Info.plist;
				LD_RUNPATH_SEARCH_PATHS = (
					"$(inherited)",
					"@executable_path/Frameworks",
				);
				PRODUCT_BUNDLE_IDENTIFIER = mateus.testeGeolocation;
				PRODUCT_NAME = "$(TARGET_NAME)";
				SWIFT_VERSION = 5.0;
				TARGETED_DEVICE_FAMILY = "1,2";
			};
			name = Debug;
		};
		ADA97824234FAD01009BF93E /* Release */ = {
			isa = XCBuildConfiguration;
			buildSettings = {
				ASSETCATALOG_COMPILER_APPICON_NAME = AppIcon;
				CODE_SIGN_STYLE = Automatic;
				DEVELOPMENT_TEAM = 7TST2X4MAG;
				INFOPLIST_FILE = testeGeolocation/Info.plist;
				LD_RUNPATH_SEARCH_PATHS = (
					"$(inherited)",
					"@executable_path/Frameworks",
				);
				PRODUCT_BUNDLE_IDENTIFIER = mateus.testeGeolocation;
				PRODUCT_NAME = "$(TARGET_NAME)";
				SWIFT_VERSION = 5.0;
				TARGETED_DEVICE_FAMILY = "1,2";
			};
			name = Release;
		};
/* End XCBuildConfiguration section */

/* Begin XCConfigurationList section */
		ADA97809234FACFD009BF93E /* Build configuration list for PBXProject "testeGeolocation" */ = {
			isa = XCConfigurationList;
			buildConfigurations = (
				ADA97820234FAD01009BF93E /* Debug */,
				ADA97821234FAD01009BF93E /* Release */,
			);
			defaultConfigurationIsVisible = 0;
			defaultConfigurationName = Release;
		};
		ADA97822234FAD01009BF93E /* Build configuration list for PBXNativeTarget "testeGeolocation" */ = {
			isa = XCConfigurationList;
			buildConfigurations = (
				ADA97823234FAD01009BF93E /* Debug */,
				ADA97824234FAD01009BF93E /* Release */,
			);
			defaultConfigurationIsVisible = 0;
			defaultConfigurationName = Release;
		};
/* End XCConfigurationList section */
	};
	rootObject = ADA97806234FACFD009BF93E /* Project object */;
}
